// !$*UTF8*$!
{
	archiveVersion = 1;
	classes = {
	};
	objectVersion = 51;
	objects = {

/* Begin PBXBuildFile section */
		31EF57B0F56AEF6ADEE50FA6 /* Pods_YiZhang_JingweiJian_ProjectImplementation.framework in Frameworks */ = {isa = PBXBuildFile; fileRef = 70EADEDDCEBEDBA8976F63EA /* Pods_YiZhang_JingweiJian_ProjectImplementation.framework */; };
		467609CC2369A92A00708588 /* AboutViewController.swift in Sources */ = {isa = PBXBuildFile; fileRef = 467609CB2369A92A00708588 /* AboutViewController.swift */; };
		467609CE2369AF0C00708588 /* FeedViewController.swift in Sources */ = {isa = PBXBuildFile; fileRef = 467609CD2369AF0C00708588 /* FeedViewController.swift */; };
		467609D02369AFE800708588 /* AmuseViewController.swift in Sources */ = {isa = PBXBuildFile; fileRef = 467609CF2369AFE800708588 /* AmuseViewController.swift */; };
		467609D2236A9BA800708588 /* PhotoTableViewController.swift in Sources */ = {isa = PBXBuildFile; fileRef = 467609D1236A9BA800708588 /* PhotoTableViewController.swift */; };
		467609D4236A9BE500708588 /* PhotoTableViewCell.swift in Sources */ = {isa = PBXBuildFile; fileRef = 467609D3236A9BE500708588 /* PhotoTableViewCell.swift */; };
		46B703D023698EFF00231CB1 /* PhotoViewController.swift in Sources */ = {isa = PBXBuildFile; fileRef = 46B703CF23698EFF00231CB1 /* PhotoViewController.swift */; };
		46FF043523695DE200AB8CF5 /* AppDelegate.swift in Sources */ = {isa = PBXBuildFile; fileRef = 46FF043423695DE100AB8CF5 /* AppDelegate.swift */; };
		46FF043723695DE200AB8CF5 /* SceneDelegate.swift in Sources */ = {isa = PBXBuildFile; fileRef = 46FF043623695DE200AB8CF5 /* SceneDelegate.swift */; };
		46FF043C23695DE200AB8CF5 /* Main.storyboard in Resources */ = {isa = PBXBuildFile; fileRef = 46FF043A23695DE200AB8CF5 /* Main.storyboard */; };
		46FF043F23695DE200AB8CF5 /* YiZhang_JingweiJian_ProjectImplementation.xcdatamodeld in Sources */ = {isa = PBXBuildFile; fileRef = 46FF043D23695DE200AB8CF5 /* YiZhang_JingweiJian_ProjectImplementation.xcdatamodeld */; };
		46FF044123695DE300AB8CF5 /* Assets.xcassets in Resources */ = {isa = PBXBuildFile; fileRef = 46FF044023695DE300AB8CF5 /* Assets.xcassets */; };
		46FF044423695DE300AB8CF5 /* LaunchScreen.storyboard in Resources */ = {isa = PBXBuildFile; fileRef = 46FF044223695DE300AB8CF5 /* LaunchScreen.storyboard */; };
		46FF044E2369718500AB8CF5 /* HomeViewController.swift in Sources */ = {isa = PBXBuildFile; fileRef = 46FF044D2369718500AB8CF5 /* HomeViewController.swift */; };
/* End PBXBuildFile section */

/* Begin PBXFileReference section */
		467609CB2369A92A00708588 /* AboutViewController.swift */ = {isa = PBXFileReference; lastKnownFileType = sourcecode.swift; path = AboutViewController.swift; sourceTree = "<group>"; };
		467609CD2369AF0C00708588 /* FeedViewController.swift */ = {isa = PBXFileReference; lastKnownFileType = sourcecode.swift; path = FeedViewController.swift; sourceTree = "<group>"; };
		467609CF2369AFE800708588 /* AmuseViewController.swift */ = {isa = PBXFileReference; lastKnownFileType = sourcecode.swift; path = AmuseViewController.swift; sourceTree = "<group>"; };
		467609D1236A9BA800708588 /* PhotoTableViewController.swift */ = {isa = PBXFileReference; lastKnownFileType = sourcecode.swift; path = PhotoTableViewController.swift; sourceTree = "<group>"; };
		467609D3236A9BE500708588 /* PhotoTableViewCell.swift */ = {isa = PBXFileReference; lastKnownFileType = sourcecode.swift; path = PhotoTableViewCell.swift; sourceTree = "<group>"; };
		46B703CF23698EFF00231CB1 /* PhotoViewController.swift */ = {isa = PBXFileReference; lastKnownFileType = sourcecode.swift; path = PhotoViewController.swift; sourceTree = "<group>"; };
		46FF043123695DE100AB8CF5 /* YiZhang-JingweiJian-ProjectImplementation.app */ = {isa = PBXFileReference; explicitFileType = wrapper.application; includeInIndex = 0; path = "YiZhang-JingweiJian-ProjectImplementation.app"; sourceTree = BUILT_PRODUCTS_DIR; };
		46FF043423695DE100AB8CF5 /* AppDelegate.swift */ = {isa = PBXFileReference; lastKnownFileType = sourcecode.swift; path = AppDelegate.swift; sourceTree = "<group>"; };
		46FF043623695DE200AB8CF5 /* SceneDelegate.swift */ = {isa = PBXFileReference; lastKnownFileType = sourcecode.swift; path = SceneDelegate.swift; sourceTree = "<group>"; };
		46FF043B23695DE200AB8CF5 /* Base */ = {isa = PBXFileReference; lastKnownFileType = file.storyboard; name = Base; path = Base.lproj/Main.storyboard; sourceTree = "<group>"; };
		46FF043E23695DE200AB8CF5 /* YiZhang_JingweiJian_ProjectImplementation.xcdatamodel */ = {isa = PBXFileReference; lastKnownFileType = wrapper.xcdatamodel; path = YiZhang_JingweiJian_ProjectImplementation.xcdatamodel; sourceTree = "<group>"; };
		46FF044023695DE300AB8CF5 /* Assets.xcassets */ = {isa = PBXFileReference; lastKnownFileType = folder.assetcatalog; path = Assets.xcassets; sourceTree = "<group>"; };
		46FF044323695DE300AB8CF5 /* Base */ = {isa = PBXFileReference; lastKnownFileType = file.storyboard; name = Base; path = Base.lproj/LaunchScreen.storyboard; sourceTree = "<group>"; };
		46FF044523695DE300AB8CF5 /* Info.plist */ = {isa = PBXFileReference; lastKnownFileType = text.plist.xml; path = Info.plist; sourceTree = "<group>"; };
		46FF044D2369718500AB8CF5 /* HomeViewController.swift */ = {isa = PBXFileReference; lastKnownFileType = sourcecode.swift; path = HomeViewController.swift; sourceTree = "<group>"; };
		70EADEDDCEBEDBA8976F63EA /* Pods_YiZhang_JingweiJian_ProjectImplementation.framework */ = {isa = PBXFileReference; explicitFileType = wrapper.framework; includeInIndex = 0; path = Pods_YiZhang_JingweiJian_ProjectImplementation.framework; sourceTree = BUILT_PRODUCTS_DIR; };
		74FB3FFA16CA3BF0F66BD1BD /* Pods-YiZhang-JingweiJian-ProjectImplementation.debug.xcconfig */ = {isa = PBXFileReference; includeInIndex = 1; lastKnownFileType = text.xcconfig; name = "Pods-YiZhang-JingweiJian-ProjectImplementation.debug.xcconfig"; path = "Target Support Files/Pods-YiZhang-JingweiJian-ProjectImplementation/Pods-YiZhang-JingweiJian-ProjectImplementation.debug.xcconfig"; sourceTree = "<group>"; };
		E35DBF82A238F37C2A338F01 /* Pods-YiZhang-JingweiJian-ProjectImplementation.release.xcconfig */ = {isa = PBXFileReference; includeInIndex = 1; lastKnownFileType = text.xcconfig; name = "Pods-YiZhang-JingweiJian-ProjectImplementation.release.xcconfig"; path = "Target Support Files/Pods-YiZhang-JingweiJian-ProjectImplementation/Pods-YiZhang-JingweiJian-ProjectImplementation.release.xcconfig"; sourceTree = "<group>"; };
/* End PBXFileReference section */

/* Begin PBXFrameworksBuildPhase section */
		46FF042E23695DE100AB8CF5 /* Frameworks */ = {
			isa = PBXFrameworksBuildPhase;
			buildActionMask = 2147483647;
			files = (
				31EF57B0F56AEF6ADEE50FA6 /* Pods_YiZhang_JingweiJian_ProjectImplementation.framework in Frameworks */,
			);
			runOnlyForDeploymentPostprocessing = 0;
		};
/* End PBXFrameworksBuildPhase section */

/* Begin PBXGroup section */
		46FF042823695DE100AB8CF5 = {
			isa = PBXGroup;
			children = (
				46FF043323695DE100AB8CF5 /* YiZhang-JingweiJian-ProjectImplementation */,
				46FF043223695DE100AB8CF5 /* Products */,
				B9C67426DDCAEB54B0B28188 /* Pods */,
				D5EB7005F0D2AFB9B0E9AEAE /* Frameworks */,
			);
			sourceTree = "<group>";
		};
		46FF043223695DE100AB8CF5 /* Products */ = {
			isa = PBXGroup;
			children = (
				46FF043123695DE100AB8CF5 /* YiZhang-JingweiJian-ProjectImplementation.app */,
			);
			name = Products;
			sourceTree = "<group>";
		};
		46FF043323695DE100AB8CF5 /* YiZhang-JingweiJian-ProjectImplementation */ = {
			isa = PBXGroup;
			children = (
				46FF043423695DE100AB8CF5 /* AppDelegate.swift */,
				46FF043623695DE200AB8CF5 /* SceneDelegate.swift */,
				46FF043A23695DE200AB8CF5 /* Main.storyboard */,
				46FF044023695DE300AB8CF5 /* Assets.xcassets */,
				46FF044223695DE300AB8CF5 /* LaunchScreen.storyboard */,
				46FF044523695DE300AB8CF5 /* Info.plist */,
				46FF043D23695DE200AB8CF5 /* YiZhang_JingweiJian_ProjectImplementation.xcdatamodeld */,
				46FF044D2369718500AB8CF5 /* HomeViewController.swift */,
				46B703CF23698EFF00231CB1 /* PhotoViewController.swift */,
				467609CB2369A92A00708588 /* AboutViewController.swift */,
				467609CD2369AF0C00708588 /* FeedViewController.swift */,
				467609CF2369AFE800708588 /* AmuseViewController.swift */,
				467609D1236A9BA800708588 /* PhotoTableViewController.swift */,
				467609D3236A9BE500708588 /* PhotoTableViewCell.swift */,
			);
			path = "YiZhang-JingweiJian-ProjectImplementation";
			sourceTree = "<group>";
		};
		B9C67426DDCAEB54B0B28188 /* Pods */ = {
			isa = PBXGroup;
			children = (
				74FB3FFA16CA3BF0F66BD1BD /* Pods-YiZhang-JingweiJian-ProjectImplementation.debug.xcconfig */,
				E35DBF82A238F37C2A338F01 /* Pods-YiZhang-JingweiJian-ProjectImplementation.release.xcconfig */,
			);
			path = Pods;
			sourceTree = "<group>";
		};
		D5EB7005F0D2AFB9B0E9AEAE /* Frameworks */ = {
			isa = PBXGroup;
			children = (
				70EADEDDCEBEDBA8976F63EA /* Pods_YiZhang_JingweiJian_ProjectImplementation.framework */,
			);
			name = Frameworks;
			sourceTree = "<group>";
		};
/* End PBXGroup section */

/* Begin PBXNativeTarget section */
		46FF043023695DE100AB8CF5 /* YiZhang-JingweiJian-ProjectImplementation */ = {
			isa = PBXNativeTarget;
			buildConfigurationList = 46FF044823695DE300AB8CF5 /* Build configuration list for PBXNativeTarget "YiZhang-JingweiJian-ProjectImplementation" */;
			buildPhases = (
				F57081AF5B564ECCB99187A3 /* [CP] Check Pods Manifest.lock */,
				46FF042D23695DE100AB8CF5 /* Sources */,
				46FF042E23695DE100AB8CF5 /* Frameworks */,
				46FF042F23695DE100AB8CF5 /* Resources */,
				B57398CD0546046A883E05D3 /* [CP] Embed Pods Frameworks */,
			);
			buildRules = (
			);
			dependencies = (
			);
			name = "YiZhang-JingweiJian-ProjectImplementation";
			productName = "YiZhang-JingweiJian-ProjectImplementation";
			productReference = 46FF043123695DE100AB8CF5 /* YiZhang-JingweiJian-ProjectImplementation.app */;
			productType = "com.apple.product-type.application";
		};
/* End PBXNativeTarget section */

/* Begin PBXProject section */
		46FF042923695DE100AB8CF5 /* Project object */ = {
			isa = PBXProject;
			attributes = {
				LastSwiftUpdateCheck = 1110;
				LastUpgradeCheck = 1110;
				ORGANIZATIONNAME = "Yi Zhang";
				TargetAttributes = {
					46FF043023695DE100AB8CF5 = {
						CreatedOnToolsVersion = 11.1;
					};
				};
			};
			buildConfigurationList = 46FF042C23695DE100AB8CF5 /* Build configuration list for PBXProject "YiZhang-JingweiJian-ProjectImplementation" */;
			compatibilityVersion = "Xcode 9.3";
			developmentRegion = en;
			hasScannedForEncodings = 0;
			knownRegions = (
				en,
				Base,
			);
			mainGroup = 46FF042823695DE100AB8CF5;
			productRefGroup = 46FF043223695DE100AB8CF5 /* Products */;
			projectDirPath = "";
			projectRoot = "";
			targets = (
				46FF043023695DE100AB8CF5 /* YiZhang-JingweiJian-ProjectImplementation */,
			);
		};
/* End PBXProject section */

/* Begin PBXResourcesBuildPhase section */
		46FF042F23695DE100AB8CF5 /* Resources */ = {
			isa = PBXResourcesBuildPhase;
			buildActionMask = 2147483647;
			files = (
				46FF044423695DE300AB8CF5 /* LaunchScreen.storyboard in Resources */,
				46FF044123695DE300AB8CF5 /* Assets.xcassets in Resources */,
				46FF043C23695DE200AB8CF5 /* Main.storyboard in Resources */,
			);
			runOnlyForDeploymentPostprocessing = 0;
		};
/* End PBXResourcesBuildPhase section */

/* Begin PBXShellScriptBuildPhase section */
		B57398CD0546046A883E05D3 /* [CP] Embed Pods Frameworks */ = {
			isa = PBXShellScriptBuildPhase;
			buildActionMask = 2147483647;
			files = (
			);
			inputFileListPaths = (
				"${PODS_ROOT}/Target Support Files/Pods-YiZhang-JingweiJian-ProjectImplementation/Pods-YiZhang-JingweiJian-ProjectImplementation-frameworks-${CONFIGURATION}-input-files.xcfilelist",
			);
			name = "[CP] Embed Pods Frameworks";
			outputFileListPaths = (
				"${PODS_ROOT}/Target Support Files/Pods-YiZhang-JingweiJian-ProjectImplementation/Pods-YiZhang-JingweiJian-ProjectImplementation-frameworks-${CONFIGURATION}-output-files.xcfilelist",
			);
			runOnlyForDeploymentPostprocessing = 0;
			shellPath = /bin/sh;
			shellScript = "\"${PODS_ROOT}/Target Support Files/Pods-YiZhang-JingweiJian-ProjectImplementation/Pods-YiZhang-JingweiJian-ProjectImplementation-frameworks.sh\"\n";
			showEnvVarsInLog = 0;
		};
		F57081AF5B564ECCB99187A3 /* [CP] Check Pods Manifest.lock */ = {
			isa = PBXShellScriptBuildPhase;
			buildActionMask = 2147483647;
			files = (
			);
			inputFileListPaths = (
			);
			inputPaths = (
				"${PODS_PODFILE_DIR_PATH}/Podfile.lock",
				"${PODS_ROOT}/Manifest.lock",
			);
			name = "[CP] Check Pods Manifest.lock";
			outputFileListPaths = (
			);
			outputPaths = (
				"$(DERIVED_FILE_DIR)/Pods-YiZhang-JingweiJian-ProjectImplementation-checkManifestLockResult.txt",
			);
			runOnlyForDeploymentPostprocessing = 0;
			shellPath = /bin/sh;
			shellScript = "diff \"${PODS_PODFILE_DIR_PATH}/Podfile.lock\" \"${PODS_ROOT}/Manifest.lock\" > /dev/null\nif [ $? != 0 ] ; then\n    # print error to STDERR\n    echo \"error: The sandbox is not in sync with the Podfile.lock. Run 'pod install' or update your CocoaPods installation.\" >&2\n    exit 1\nfi\n# This output is used by Xcode 'outputs' to avoid re-running this script phase.\necho \"SUCCESS\" > \"${SCRIPT_OUTPUT_FILE_0}\"\n";
			showEnvVarsInLog = 0;
		};
/* End PBXShellScriptBuildPhase section */

/* Begin PBXSourcesBuildPhase section */
		46FF042D23695DE100AB8CF5 /* Sources */ = {
			isa = PBXSourcesBuildPhase;
			buildActionMask = 2147483647;
			files = (
				467609D4236A9BE500708588 /* PhotoTableViewCell.swift in Sources */,
				467609CC2369A92A00708588 /* AboutViewController.swift in Sources */,
				46FF043523695DE200AB8CF5 /* AppDelegate.swift in Sources */,
				46FF043F23695DE200AB8CF5 /* YiZhang_JingweiJian_ProjectImplementation.xcdatamodeld in Sources */,
				46FF043723695DE200AB8CF5 /* SceneDelegate.swift in Sources */,
				46FF044E2369718500AB8CF5 /* HomeViewController.swift in Sources */,
				46B703D023698EFF00231CB1 /* PhotoViewController.swift in Sources */,
				467609D02369AFE800708588 /* AmuseViewController.swift in Sources */,
				467609D2236A9BA800708588 /* PhotoTableViewController.swift in Sources */,
				467609CE2369AF0C00708588 /* FeedViewController.swift in Sources */,
			);
			runOnlyForDeploymentPostprocessing = 0;
		};
/* End PBXSourcesBuildPhase section */

/* Begin PBXVariantGroup section */
		46FF043A23695DE200AB8CF5 /* Main.storyboard */ = {
			isa = PBXVariantGroup;
			children = (
				46FF043B23695DE200AB8CF5 /* Base */,
			);
			name = Main.storyboard;
			sourceTree = "<group>";
		};
		46FF044223695DE300AB8CF5 /* LaunchScreen.storyboard */ = {
			isa = PBXVariantGroup;
			children = (
				46FF044323695DE300AB8CF5 /* Base */,
			);
			name = LaunchScreen.storyboard;
			sourceTree = "<group>";
		};
/* End PBXVariantGroup section */

/* Begin XCBuildConfiguration section */
		46FF044623695DE300AB8CF5 /* Debug */ = {
			isa = XCBuildConfiguration;
			buildSettings = {
				ALWAYS_SEARCH_USER_PATHS = NO;
				CLANG_ANALYZER_NONNULL = YES;
				CLANG_ANALYZER_NUMBER_OBJECT_CONVERSION = YES_AGGRESSIVE;
				CLANG_CXX_LANGUAGE_STANDARD = "gnu++14";
				CLANG_CXX_LIBRARY = "libc++";
				CLANG_ENABLE_MODULES = YES;
				CLANG_ENABLE_OBJC_ARC = YES;
				CLANG_ENABLE_OBJC_WEAK = YES;
				CLANG_WARN_BLOCK_CAPTURE_AUTORELEASING = YES;
				CLANG_WARN_BOOL_CONVERSION = YES;
				CLANG_WARN_COMMA = YES;
				CLANG_WARN_CONSTANT_CONVERSION = YES;
				CLANG_WARN_DEPRECATED_OBJC_IMPLEMENTATIONS = YES;
				CLANG_WARN_DIRECT_OBJC_ISA_USAGE = YES_ERROR;
				CLANG_WARN_DOCUMENTATION_COMMENTS = YES;
				CLANG_WARN_EMPTY_BODY = YES;
				CLANG_WARN_ENUM_CONVERSION = YES;
				CLANG_WARN_INFINITE_RECURSION = YES;
				CLANG_WARN_INT_CONVERSION = YES;
				CLANG_WARN_NON_LITERAL_NULL_CONVERSION = YES;
				CLANG_WARN_OBJC_IMPLICIT_RETAIN_SELF = YES;
				CLANG_WARN_OBJC_LITERAL_CONVERSION = YES;
				CLANG_WARN_OBJC_ROOT_CLASS = YES_ERROR;
				CLANG_WARN_RANGE_LOOP_ANALYSIS = YES;
				CLANG_WARN_STRICT_PROTOTYPES = YES;
				CLANG_WARN_SUSPICIOUS_MOVE = YES;
				CLANG_WARN_UNGUARDED_AVAILABILITY = YES_AGGRESSIVE;
				CLANG_WARN_UNREACHABLE_CODE = YES;
				CLANG_WARN__DUPLICATE_METHOD_MATCH = YES;
				COPY_PHASE_STRIP = NO;
				DEBUG_INFORMATION_FORMAT = dwarf;
				ENABLE_STRICT_OBJC_MSGSEND = YES;
				ENABLE_TESTABILITY = YES;
				GCC_C_LANGUAGE_STANDARD = gnu11;
				GCC_DYNAMIC_NO_PIC = NO;
				GCC_NO_COMMON_BLOCKS = YES;
				GCC_OPTIMIZATION_LEVEL = 0;
				GCC_PREPROCESSOR_DEFINITIONS = (
					"DEBUG=1",
					"$(inherited)",
				);
				GCC_WARN_64_TO_32_BIT_CONVERSION = YES;
				GCC_WARN_ABOUT_RETURN_TYPE = YES_ERROR;
				GCC_WARN_UNDECLARED_SELECTOR = YES;
				GCC_WARN_UNINITIALIZED_AUTOS = YES_AGGRESSIVE;
				GCC_WARN_UNUSED_FUNCTION = YES;
				GCC_WARN_UNUSED_VARIABLE = YES;
				IPHONEOS_DEPLOYMENT_TARGET = 13.1;
				MTL_ENABLE_DEBUG_INFO = INCLUDE_SOURCE;
				MTL_FAST_MATH = YES;
				ONLY_ACTIVE_ARCH = YES;
				SDKROOT = iphoneos;
				SWIFT_ACTIVE_COMPILATION_CONDITIONS = DEBUG;
				SWIFT_OPTIMIZATION_LEVEL = "-Onone";
			};
			name = Debug;
		};
		46FF044723695DE300AB8CF5 /* Release */ = {
			isa = XCBuildConfiguration;
			buildSettings = {
				ALWAYS_SEARCH_USER_PATHS = NO;
				CLANG_ANALYZER_NONNULL = YES;
				CLANG_ANALYZER_NUMBER_OBJECT_CONVERSION = YES_AGGRESSIVE;
				CLANG_CXX_LANGUAGE_STANDARD = "gnu++14";
				CLANG_CXX_LIBRARY = "libc++";
				CLANG_ENABLE_MODULES = YES;
				CLANG_ENABLE_OBJC_ARC = YES;
				CLANG_ENABLE_OBJC_WEAK = YES;
				CLANG_WARN_BLOCK_CAPTURE_AUTORELEASING = YES;
				CLANG_WARN_BOOL_CONVERSION = YES;
				CLANG_WARN_COMMA = YES;
				CLANG_WARN_CONSTANT_CONVERSION = YES;
				CLANG_WARN_DEPRECATED_OBJC_IMPLEMENTATIONS = YES;
				CLANG_WARN_DIRECT_OBJC_ISA_USAGE = YES_ERROR;
				CLANG_WARN_DOCUMENTATION_COMMENTS = YES;
				CLANG_WARN_EMPTY_BODY = YES;
				CLANG_WARN_ENUM_CONVERSION = YES;
				CLANG_WARN_INFINITE_RECURSION = YES;
				CLANG_WARN_INT_CONVERSION = YES;
				CLANG_WARN_NON_LITERAL_NULL_CONVERSION = YES;
				CLANG_WARN_OBJC_IMPLICIT_RETAIN_SELF = YES;
				CLANG_WARN_OBJC_LITERAL_CONVERSION = YES;
				CLANG_WARN_OBJC_ROOT_CLASS = YES_ERROR;
				CLANG_WARN_RANGE_LOOP_ANALYSIS = YES;
				CLANG_WARN_STRICT_PROTOTYPES = YES;
				CLANG_WARN_SUSPICIOUS_MOVE = YES;
				CLANG_WARN_UNGUARDED_AVAILABILITY = YES_AGGRESSIVE;
				CLANG_WARN_UNREACHABLE_CODE = YES;
				CLANG_WARN__DUPLICATE_METHOD_MATCH = YES;
				COPY_PHASE_STRIP = NO;
				DEBUG_INFORMATION_FORMAT = "dwarf-with-dsym";
				ENABLE_NS_ASSERTIONS = NO;
				ENABLE_STRICT_OBJC_MSGSEND = YES;
				GCC_C_LANGUAGE_STANDARD = gnu11;
				GCC_NO_COMMON_BLOCKS = YES;
				GCC_WARN_64_TO_32_BIT_CONVERSION = YES;
				GCC_WARN_ABOUT_RETURN_TYPE = YES_ERROR;
				GCC_WARN_UNDECLARED_SELECTOR = YES;
				GCC_WARN_UNINITIALIZED_AUTOS = YES_AGGRESSIVE;
				GCC_WARN_UNUSED_FUNCTION = YES;
				GCC_WARN_UNUSED_VARIABLE = YES;
				IPHONEOS_DEPLOYMENT_TARGET = 13.1;
				MTL_ENABLE_DEBUG_INFO = NO;
				MTL_FAST_MATH = YES;
				SDKROOT = iphoneos;
				SWIFT_COMPILATION_MODE = wholemodule;
				SWIFT_OPTIMIZATION_LEVEL = "-O";
				VALIDATE_PRODUCT = YES;
			};
			name = Release;
		};
		46FF044923695DE300AB8CF5 /* Debug */ = {
			isa = XCBuildConfiguration;
			baseConfigurationReference = 74FB3FFA16CA3BF0F66BD1BD /* Pods-YiZhang-JingweiJian-ProjectImplementation.debug.xcconfig */;
			buildSettings = {
				ASSETCATALOG_COMPILER_APPICON_NAME = AppIcon;
				CODE_SIGN_STYLE = Automatic;
				DEVELOPMENT_TEAM = 6YQ3G4M98P;
				INFOPLIST_FILE = "YiZhang-JingweiJian-ProjectImplementation/Info.plist";
				LD_RUNPATH_SEARCH_PATHS = (
					"$(inherited)",
					"@executable_path/Frameworks",
				);
				PRODUCT_BUNDLE_IDENTIFIER = "monash.edu.YiZhang-JingweiJian-ProjectImplementation";
				PRODUCT_NAME = "$(TARGET_NAME)";
				SWIFT_VERSION = 5.0;
				TARGETED_DEVICE_FAMILY = "1,2";
			};
			name = Debug;
		};
		46FF044A23695DE300AB8CF5 /* Release */ = {
			isa = XCBuildConfiguration;
			baseConfigurationReference = E35DBF82A238F37C2A338F01 /* Pods-YiZhang-JingweiJian-ProjectImplementation.release.xcconfig */;
			buildSettings = {
				ASSETCATALOG_COMPILER_APPICON_NAME = AppIcon;
				CODE_SIGN_STYLE = Automatic;
				DEVELOPMENT_TEAM = 6YQ3G4M98P;
				INFOPLIST_FILE = "YiZhang-JingweiJian-ProjectImplementation/Info.plist";
				LD_RUNPATH_SEARCH_PATHS = (
					"$(inherited)",
					"@executable_path/Frameworks",
				);
				PRODUCT_BUNDLE_IDENTIFIER = "monash.edu.YiZhang-JingweiJian-ProjectImplementation";
				PRODUCT_NAME = "$(TARGET_NAME)";
				SWIFT_VERSION = 5.0;
				TARGETED_DEVICE_FAMILY = "1,2";
			};
			name = Release;
		};
/* End XCBuildConfiguration section */

/* Begin XCConfigurationList section */
		46FF042C23695DE100AB8CF5 /* Build configuration list for PBXProject "YiZhang-JingweiJian-ProjectImplementation" */ = {
			isa = XCConfigurationList;
			buildConfigurations = (
				46FF044623695DE300AB8CF5 /* Debug */,
				46FF044723695DE300AB8CF5 /* Release */,
			);
			defaultConfigurationIsVisible = 0;
			defaultConfigurationName = Release;
		};
		46FF044823695DE300AB8CF5 /* Build configuration list for PBXNativeTarget "YiZhang-JingweiJian-ProjectImplementation" */ = {
			isa = XCConfigurationList;
			buildConfigurations = (
				46FF044923695DE300AB8CF5 /* Debug */,
				46FF044A23695DE300AB8CF5 /* Release */,
			);
			defaultConfigurationIsVisible = 0;
			defaultConfigurationName = Release;
		};
/* End XCConfigurationList section */

/* Begin XCVersionGroup section */
		46FF043D23695DE200AB8CF5 /* YiZhang_JingweiJian_ProjectImplementation.xcdatamodeld */ = {
			isa = XCVersionGroup;
			children = (
				46FF043E23695DE200AB8CF5 /* YiZhang_JingweiJian_ProjectImplementation.xcdatamodel */,
			);
			currentVersion = 46FF043E23695DE200AB8CF5 /* YiZhang_JingweiJian_ProjectImplementation.xcdatamodel */;
			path = YiZhang_JingweiJian_ProjectImplementation.xcdatamodeld;
			sourceTree = "<group>";
			versionGroupType = wrapper.xcdatamodel;
		};
/* End XCVersionGroup section */
	};
	rootObject = 46FF042923695DE100AB8CF5 /* Project object */;
}
